
Microsoft Visual Studio Solution File, Format Version 12.00
# Visual Studio Version 16
VisualStudioVersion = 16.0.30330.147
MinimumVisualStudioVersion = 10.0.40219.1
Project("{FAE04EC0-301F-11D3-BF4B-00C04F79EFBC}") = "DurableMaintainance", "DurableMaintainance.csproj", "{4AB2F3B5-23D7-4B14-9D08-84E39F1858FB}"
EndProject
Global
	GlobalSection(SolutionConfigurationPlatforms) = preSolution
		Debug|Any CPU = Debug|Any CPU
		Release|Any CPU = Release|Any CPU
	EndGlobalSection
	GlobalSection(ProjectConfigurationPlatforms) = postSolution
		{4AB2F3B5-23D7-4B14-9D08-84E39F1858FB}.Debug|Any CPU.ActiveCfg = Release|Any CPU
		{4AB2F3B5-23D7-4B14-9D08-84E39F1858FB}.Debug|Any CPU.Build.0 = Release|Any CPU
		{4AB2F3B5-23D7-4B14-9D08-84E39F1858FB}.Release|Any CPU.ActiveCfg = Release|Any CPU
		{4AB2F3B5-23D7-4B14-9D08-84E39F1858FB}.Release|Any CPU.Build.0 = Release|Any CPU
	EndGlobalSection
	GlobalSection(SolutionProperties) = preSolution
		HideSolutionNode = FALSE
	EndGlobalSection
	GlobalSection(ExtensibilityGlobals) = postSolution
		SolutionGuid = {34AAA266-F186-42EA-97EE-BFF7FF7A8FE3}
	EndGlobalSection
EndGlobal
